
Microsoft Visual Studio Solution File, Format Version 12.00
# Visual Studio Version 16
VisualStudioVersion = 16.0.30907.101
MinimumVisualStudioVersion = 10.0.40219.1
Project("{FAE04EC0-301F-11D3-BF4B-00C04F79EFBC}") = "Talent", "Talent\Talent.csproj", "{461F2801-08A7-4916-9C3A-FF6F68F5E6D5}"
EndProject
Global
	GlobalSection(SolutionConfigurationPlatforms) = preSolution
		Debug|Any CPU = Debug|Any CPU
		Release|Any CPU = Release|Any CPU
	EndGlobalSection
	GlobalSection(ProjectConfigurationPlatforms) = postSolution
		{461F2801-08A7-4916-9C3A-FF6F68F5E6D5}.Debug|Any CPU.ActiveCfg = Debug|Any CPU
		{461F2801-08A7-4916-9C3A-FF6F68F5E6D5}.Debug|Any CPU.Build.0 = Debug|Any CPU
		{461F2801-08A7-4916-9C3A-FF6F68F5E6D5}.Release|Any CPU.ActiveCfg = Release|Any CPU
		{461F2801-08A7-4916-9C3A-FF6F68F5E6D5}.Release|Any CPU.Build.0 = Release|Any CPU
	EndGlobalSection
	GlobalSection(SolutionProperties) = preSolution
		HideSolutionNode = FALSE
	EndGlobalSection
	GlobalSection(ExtensibilityGlobals) = postSolution
		SolutionGuid = {1808C0CC-9C2A-485A-8C82-5189DAC8C8C8}
	EndGlobalSection
EndGlobal
